
Microsoft Visual Studio Solution File, Format Version 12.00
# Visual Studio 15
VisualStudioVersion = 15.0.27428.2015
MinimumVisualStudioVersion = 10.0.40219.1
Project("{8BC9CEB8-8B4A-11D0-8D11-00A0C91BC942}") = "Graph", "Graph\Graph.vcxproj", "{992395A0-8530-4BCD-A944-BD2A4B7EBED0}"
EndProject
Global
	GlobalSection(SolutionConfigurationPlatforms) = preSolution
		Debug|x64 = Debug|x64
		Debug|x86 = Debug|x86
		Release|x64 = Release|x64
		Release|x86 = Release|x86
	EndGlobalSection
	GlobalSection(ProjectConfigurationPlatforms) = postSolution
		{992395A0-8530-4BCD-A944-BD2A4B7EBED0}.Debug|x64.ActiveCfg = Debug|x64
		{992395A0-8530-4BCD-A944-BD2A4B7EBED0}.Debug|x64.Build.0 = Debug|x64
		{992395A0-8530-4BCD-A944-BD2A4B7EBED0}.Debug|x86.ActiveCfg = Debug|Win32
		{992395A0-8530-4BCD-A944-BD2A4B7EBED0}.Debug|x86.Build.0 = Debug|Win32
		{992395A0-8530-4BCD-A944-BD2A4B7EBED0}.Release|x64.ActiveCfg = Release|x64
		{992395A0-8530-4BCD-A944-BD2A4B7EBED0}.Release|x64.Build.0 = Release|x64
		{992395A0-8530-4BCD-A944-BD2A4B7EBED0}.Release|x86.ActiveCfg = Release|Win32
		{992395A0-8530-4BCD-A944-BD2A4B7EBED0}.Release|x86.Build.0 = Release|Win32
	EndGlobalSection
	GlobalSection(SolutionProperties) = preSolution
		HideSolutionNode = FALSE
	EndGlobalSection
	GlobalSection(ExtensibilityGlobals) = postSolution
		SolutionGuid = {FDABB690-1376-40BC-8492-ECCA3387A63B}
	EndGlobalSection
EndGlobal
